github.com/lib/pq v1.1.1/go.mod h1:5WUZQaWbwv1U+lTReE5YruASi9Al49XbQIvNi/34Woo=
github.com/peterstace/simplefeatures v0.0.0-20191015194945-0a511d325ffe h1:amE56EknF9f7ScE5rtlJd0fpndQklumUbcE1movD9kc=
github.com/peterstace/simplefeatures v0.0.0-20191015194945-0a511d325ffe/go.mod h1:Y2q6ROfPN3DNMLPLCQlnKnhgnmXKVktsYpMxDThYijg=
github.com/peterstace/simplefeatures v0.8.0 h1:vZNYDKPGdQA6Gg+a3jbZ+GD61o1Rok523LxYjTRYhDk=
github.com/peterstace/simplefeatures v0.8.0/go.mod h1:Y2q6ROfPN3DNMLPLCQlnKnhgnmXKVktsYpMxDThYijg=
github.com/peterstace/simplefeatures v0.8.1-0.20200301173801-71aa658bce98 h1:Az5PbRwUbj2R0F59lwOsZKsWozBYEcAGYh81L35fSjk=
github.com/peterstace/simplefeatures v0.8.1-0.20200301173801-71aa658bce98/go.mod h1:Y2q6ROfPN3DNMLPLCQlnKnhgnmXKVktsYpMxDThYijg=
github.com/peterstace/simplefeatures v0.9.0 h1:hl2977iRuZcUxUbsLlSL5edrLWy/GN3uz0PDcLwJl4Q=
github.com/peterstace/simplefeatures v0.9.0/go.mod h1:Y2q6ROfPN3DNMLPLCQlnKnhgnmXKVktsYpMxDThYijg=
github.com/peterstace/simplefeatures v0.17.0 h1:0/pMjtSwcRZ6CWnYH7R1lClKmmyzMF6CKPtUEhyCdug=
github.com/peterstace/simplefeatures v0.17.0/go.mod h1:E4tFQfvVfIznGAUgYwBq/zlFekolHqGZk2yvh6je/bM=
github.com/peterstace/simplefeatures v0.22.0 h1:cPeJc4H5ER0EZPf/1x7BCDUyQlFBxAyagSutkb9+PlQ=
github.com/peterstace/simplefeatures v0.22.0/go.mod h1:E4tFQfvVfIznGAUgYwBq/zlFekolHqGZk2yvh6je/bM=
github.com/peterstace/simplefeatures v0.23.0 h1:9k6pEWiIl/HrAVUW5pFIpaNmpxsp2QGTxO3nTb+3TAE=
github.com/peterstace/simplefeatures v0.23.0/go.mod h1:E4tFQfvVfIznGAUgYwBq/zlFekolHqGZk2yvh6je/bM=
github.com/peterstace/simplefeatures v0.24.0 h1:AE2OYNfHnjih0g0uGHEG76WHu7WQcCF49WjpyhBOgJY=
github.com/peterstace/simplefeatures v0.24.0/go.mod h1:E4tFQfvVfIznGAUgYwBq/zlFekolHqGZk2yvh6je/bM=
github.com/peterstace/simplefeatures v0.25.0 h1:+u4DY6CAA/mHL3FTo0Sb4GyrjDhX/1OIivdOUjSt5jA=
github.com/peterstace/simplefeatures v0.25.0/go.mod h1:E4tFQfvVfIznGAUgYwBq/zlFekolHqGZk2yvh6je/bM=
github.com/peterstace/simplefeatures v0.25.1 h1:p51AjbfQo3byTw3J7Myj2fmWCkOcDjEIAO/monLTBg0=
github.com/peterstace/simplefeatures v0.25.1/go.mod h1:E4tFQfvVfIznGAUgYwBq/zlFekolHqGZk2yvh6je/bM=
github.com/peterstace/simplefeatures v0.26.0 h1:Hve4WtYVevCm7oDaCMsYDtUQ07hKm3Ihr+P6nXA1ZqY=
github.com/peterstace/simplefeatures v0.26.0/go.mod h1:E4tFQfvVfIznGAUgYwBq/zlFekolHqGZk2yvh6je/bM=
github.com/peterstace/simplefeatures v0.27.0 h1:fx7ulXqRswOJ+ihGyKtCrKHJPEVTcWyGTnxidTVsNVo=
github.com/peterstace/simplefeatures v0.27.0/go.mod h1:E4tFQfvVfIznGAUgYwBq/zlFekolHqGZk2yvh6je/bM=
github.com/peterstace/simplefeatures v0.28.1 h1:/bgme1s5rYeSOXzQ+AYhT7yzmeUI5y+VHQDfMJvBgiw=
github.com/peterstace/simplefeatures v0.28.1/go.mod h1:E4tFQfvVfIznGAUgYwBq/zlFekolHqGZk2yvh6je/bM=
github.com/peterstace/simplefeatures v0.29.0 h1:WufAhwROQ5erBcC7qLaNpfQIlqX3epV3tyQigsuVqG4=
github.com/peterstace/simplefeatures v0.29.0/go.mod h1:E4tFQfvVfIznGAUgYwBq/zlFekolHqGZk2yvh6je/bM=
